
Microsoft Visual Studio Solution File, Format Version 12.00
# Visual Studio 15
VisualStudioVersion = 15.0.27428.2011
MinimumVisualStudioVersion = 10.0.40219.1
Project("{FAE04EC0-301F-11D3-BF4B-00C04F79EFBC}") = "unclespace_ver3", "unclespace_ver3\unclespace_ver3.csproj", "{106A98ED-AC37-4A76-9A7C-07822585411E}"
EndProject
Global
	GlobalSection(SolutionConfigurationPlatforms) = preSolution
		Debug|Any CPU = Debug|Any CPU
		Release|Any CPU = Release|Any CPU
	EndGlobalSection
	GlobalSection(ProjectConfigurationPlatforms) = postSolution
		{106A98ED-AC37-4A76-9A7C-07822585411E}.Debug|Any CPU.ActiveCfg = Debug|Any CPU
		{106A98ED-AC37-4A76-9A7C-07822585411E}.Debug|Any CPU.Build.0 = Debug|Any CPU
		{106A98ED-AC37-4A76-9A7C-07822585411E}.Release|Any CPU.ActiveCfg = Release|Any CPU
		{106A98ED-AC37-4A76-9A7C-07822585411E}.Release|Any CPU.Build.0 = Release|Any CPU
	EndGlobalSection
	GlobalSection(SolutionProperties) = preSolution
		HideSolutionNode = FALSE
	EndGlobalSection
	GlobalSection(ExtensibilityGlobals) = postSolution
		SolutionGuid = {E228ECE5-0A8E-4565-BAE8-D7FDF25A7D5F}
	EndGlobalSection
EndGlobal
